<?xml version="1.0" encoding="utf-8"?>
<Project ToolsVersion="4.0" xmlns="http://schemas.microsoft.com/developer/msbuild/2003">
  <ItemGroup>
    <Filter Include="源文件">
      <UniqueIdentifier>{4FC737F1-C7A5-4376-A066-2A32D752A2FF}</UniqueIdentifier>
      <Extensions>cpp;c;cc;cxx;def;odl;idl;hpj;bat;asm;asmx</Extensions>
    </Filter>
    <Filter Include="头文件">
      <UniqueIdentifier>{93995380-89BD-4b04-88EB-625FBE52EBFB}</UniqueIdentifier>
      <Extensions>h;hh;hpp;hxx;hm;inl;inc;xsd</Extensions>
    </Filter>
    <Filter Include="资源文件">
      <UniqueIdentifier>{67DA6AB6-F800-4c08-8B7A-83BB121AAD01}</UniqueIdentifier>
      <Extensions>rc;ico;cur;bmp;dlg;rc2;rct;bin;rgs;gif;jpg;jpeg;jpe;resx;tiff;tif;png;wav;mfcribbon-ms</Extensions>
    </Filter>
    <Filter Include="common">
      <UniqueIdentifier>{6fdc1a30-4d7a-4feb-9cde-455bd6a1d98d}</UniqueIdentifier>
    </Filter>
  </ItemGroup>
  <ItemGroup>
    <Text Include="ReadMe.txt" />
  </ItemGroup>
  <ItemGroup>
    <ClInclude Include="stdafx.h">
      <Filter>头文件</Filter>
    </ClInclude>
    <ClInclude Include="targetver.h">
      <Filter>头文件</Filter>
    </ClInclude>
    <ClInclude Include="HandleSharePtr.h">
      <Filter>common</Filter>
    </ClInclude>
    <ClInclude Include="HBuffPool.h">
      <Filter>common</Filter>
    </ClInclude>
    <ClInclude Include="HCommonFuns.h">
      <Filter>common</Filter>
    </ClInclude>
    <ClInclude Include="HEvent.h">
      <Filter>common</Filter>
    </ClInclude>
    <ClInclude Include="HException.h">
      <Filter>common</Filter>
    </ClInclude>
    <ClInclude Include="HLogFile.h">
      <Filter>common</Filter>
    </ClInclude>
    <ClInclude Include="HProdStack.h">
      <Filter>common</Filter>
    </ClInclude>
    <ClInclude Include="http_parser.h">
      <Filter>common</Filter>
    </ClInclude>
    <ClInclude Include="MThread.h">
      <Filter>common</Filter>
    </ClInclude>
    <ClInclude Include="SealLog.h">
      <Filter>头文件</Filter>
    </ClInclude>
  </ItemGroup>
  <ItemGroup>
    <ClCompile Include="stdafx.cpp">
      <Filter>源文件</Filter>
    </ClCompile>
    <ClCompile Include="HBuffPool.cpp">
      <Filter>common</Filter>
    </ClCompile>
    <ClCompile Include="HCommonFuns.cpp">
      <Filter>common</Filter>
    </ClCompile>
    <ClCompile Include="HEvent.cpp">
      <Filter>common</Filter>
    </ClCompile>
    <ClCompile Include="HLogFile.cpp">
      <Filter>common</Filter>
    </ClCompile>
    <ClCompile Include="http_parser.c">
      <Filter>common</Filter>
    </ClCompile>
    <ClCompile Include="MThread.cpp">
      <Filter>common</Filter>
    </ClCompile>
    <ClCompile Include="SealLog.cpp">
      <Filter>源文件</Filter>
    </ClCompile>
  </ItemGroup>
</Project>